
Microsoft Visual Studio Solution File, Format Version 12.00
# Visual Studio Version 17
VisualStudioVersion = 17.3.32922.545
MinimumVisualStudioVersion = 10.0.40219.1
Project("{FAE04EC0-301F-11D3-BF4B-00C04F79EFBC}") = "statische methoden call by reference", "statische methoden call by reference\statische methoden call by reference.csproj", "{1B9B8FC7-D0B1-49CF-9F0F-2FD04B684FB4}"
EndProject
Global
	GlobalSection(SolutionConfigurationPlatforms) = preSolution
		Debug|Any CPU = Debug|Any CPU
		Release|Any CPU = Release|Any CPU
	EndGlobalSection
	GlobalSection(ProjectConfigurationPlatforms) = postSolution
		{1B9B8FC7-D0B1-49CF-9F0F-2FD04B684FB4}.Debug|Any CPU.ActiveCfg = Debug|Any CPU
		{1B9B8FC7-D0B1-49CF-9F0F-2FD04B684FB4}.Debug|Any CPU.Build.0 = Debug|Any CPU
		{1B9B8FC7-D0B1-49CF-9F0F-2FD04B684FB4}.Release|Any CPU.ActiveCfg = Release|Any CPU
		{1B9B8FC7-D0B1-49CF-9F0F-2FD04B684FB4}.Release|Any CPU.Build.0 = Release|Any CPU
	EndGlobalSection
	GlobalSection(SolutionProperties) = preSolution
		HideSolutionNode = FALSE
	EndGlobalSection
	GlobalSection(ExtensibilityGlobals) = postSolution
		SolutionGuid = {CDF1969C-6765-4ED7-85B7-904733917F80}
	EndGlobalSection
EndGlobal
